
Microsoft Visual Studio Solution File, Format Version 12.00
# Visual Studio Version 16
VisualStudioVersion = 16.0.30114.105
MinimumVisualStudioVersion = 10.0.40219.1
Project("{F2A71F9B-5D33-465A-A702-920D77279786}") = "Core", "Core\Core.fsproj", "{1D491F2B-C230-4F5A-827C-A0D1B842AAC3}"
EndProject
Project("{F2A71F9B-5D33-465A-A702-920D77279786}") = "Tests", "Tests\Tests.fsproj", "{DB8DA799-6077-4D35-B4CF-800440238EEF}"
EndProject
Project("{F2A71F9B-5D33-465A-A702-920D77279786}") = "App", "App\App.fsproj", "{F23549E8-A276-4C7F-B515-672F7FC2093E}"
EndProject
Global
	GlobalSection(SolutionConfigurationPlatforms) = preSolution
		Debug|Any CPU = Debug|Any CPU
		Release|Any CPU = Release|Any CPU
	EndGlobalSection
	GlobalSection(SolutionProperties) = preSolution
		HideSolutionNode = FALSE
	EndGlobalSection
	GlobalSection(ProjectConfigurationPlatforms) = postSolution
		{1D491F2B-C230-4F5A-827C-A0D1B842AAC3}.Debug|Any CPU.ActiveCfg = Debug|Any CPU
		{1D491F2B-C230-4F5A-827C-A0D1B842AAC3}.Debug|Any CPU.Build.0 = Debug|Any CPU
		{1D491F2B-C230-4F5A-827C-A0D1B842AAC3}.Release|Any CPU.ActiveCfg = Release|Any CPU
		{1D491F2B-C230-4F5A-827C-A0D1B842AAC3}.Release|Any CPU.Build.0 = Release|Any CPU
		{DB8DA799-6077-4D35-B4CF-800440238EEF}.Debug|Any CPU.ActiveCfg = Debug|Any CPU
		{DB8DA799-6077-4D35-B4CF-800440238EEF}.Debug|Any CPU.Build.0 = Debug|Any CPU
		{DB8DA799-6077-4D35-B4CF-800440238EEF}.Release|Any CPU.ActiveCfg = Release|Any CPU
		{DB8DA799-6077-4D35-B4CF-800440238EEF}.Release|Any CPU.Build.0 = Release|Any CPU
		{F23549E8-A276-4C7F-B515-672F7FC2093E}.Debug|Any CPU.ActiveCfg = Debug|Any CPU
		{F23549E8-A276-4C7F-B515-672F7FC2093E}.Debug|Any CPU.Build.0 = Debug|Any CPU
		{F23549E8-A276-4C7F-B515-672F7FC2093E}.Release|Any CPU.ActiveCfg = Release|Any CPU
		{F23549E8-A276-4C7F-B515-672F7FC2093E}.Release|Any CPU.Build.0 = Release|Any CPU
	EndGlobalSection
EndGlobal
